lockfileVersion: 5.3

specifiers:
  axios: 0.24.0
  express: 4.17.2
  next: 12.0.8
  react: 17.0.2
  react-dom: 17.0.2

dependencies:
  axios: 0.24.0
  express: 4.17.2
  next: 12.0.8_react-dom@17.0.2+react@17.0.2
  react: 17.0.2
  react-dom: 17.0.2_react@17.0.2

packages:

  /@babel/helper-plugin-utils/7.16.7:
    resolution: {integrity: sha512-Qg3Nk7ZxpgMrsox6HreY1ZNKdBq7K72tDSliA6dCl5f007jR4ne8iD5UzuNnCJH2xBf2BEEVGr+/OL6Gdp7RxA==}
    engines: {node: '>=6.9.0'}
    dev: false

  /@babel/helper-validator-identifier/7.16.7:
    resolution: {integrity: sha512-hsEnFemeiW4D08A5gUAZxLBTXpZ39P+a+DGDsHw1yxqyQ/jzFEnxf5uTEGp+3bzAbNOxU1paTgYS4ECU/IgfDw==}
    engines: {node: '>=6.9.0'}
    dev: false

  /@babel/plugin-syntax-jsx/7.14.5:
    resolution: {integrity: sha512-ohuFIsOMXJnbOMRfX7/w7LocdR6R7whhuRD4ax8IipLcLPlZGJKkBxgHp++U4N/vKyU16/YDQr2f5seajD3jIw==}
    engines: {node: '>=6.9.0'}
    peerDependencies:
      '@babel/core': ^7.0.0-0
    dependencies:
      '@babel/helper-plugin-utils': 7.16.7
    dev: false

  /@babel/types/7.15.0:
    resolution: {integrity: sha512-OBvfqnllOIdX4ojTHpwZbpvz4j3EWyjkZEdmjH0/cgsd6QOdSgU8rLSk6ard/pcW7rlmjdVSX/AWOaORR1uNOQ==}
    engines: {node: '>=6.9.0'}
    dependencies:
      '@babel/helper-validator-identifier': 7.16.7
      to-fast-properties: 2.0.0
    dev: false

  /@next/env/12.0.8:
    resolution: {integrity: sha512-Wa0gOeioB9PHap9wtZDZEhgOSE3/+qE/UALWjJHuNvH4J3oE+13EjVOiEsr1JcPCXUN8ESQE+phDKlo6qJ8P9g==}
    dev: false

  /@next/react-refresh-utils/12.0.8_react-refresh@0.8.3:
    resolution: {integrity: sha512-Bq4T/aOOFQUkCF9b8k9x+HpjOevu65ZPxsYJOpgEtBuJyvb+sZREtDDLKb/RtjUeLMrWrsGD0aLteyFFtiS8Og==}
    peerDependencies:
      react-refresh: 0.8.3
      webpack: ^4 || ^5
    peerDependenciesMeta:
      webpack:
        optional: true
    dependencies:
      react-refresh: 0.8.3
    dev: false

  /@next/swc-android-arm64/12.0.8:
    resolution: {integrity: sha512-BiXMcOZNnXSIXv+FQvbRgbMb+iYayLX/Sb2MwR0wja+eMs46BY1x/ssXDwUBADP1M8YtrGTlSPHZqUiCU94+Mg==}
    engines: {node: '>= 10'}
    cpu: [arm64]
    os: [android]
    requiresBuild: true
    dev: false
    optional: true

  /@next/swc-darwin-arm64/12.0.8:
    resolution: {integrity: sha512-6EGMmvcIwPpwt0/iqLbXDGx6oKHAXzbowyyVXK8cqmIvhoghRFjqfiNGBs+ar6wEBGt68zhwn/77vE3iQWoFJw==}
    engines: {node: '>= 10'}
    cpu: [arm64]
    os: [darwin]
    requiresBuild: true
    dev: false
    optional: true

  /@next/swc-darwin-x64/12.0.8:
    resolution: {integrity: sha512-todxgQOGP/ucz5UH2kKR3XGDdkWmWr0VZAAbzgTbiFm45Ol4ih602k2nNR3xSbza9IqNhxNuUVsMpBgeo19CFQ==}
    engines: {node: '>= 10'}
    cpu: [x64]
    os: [darwin]
    requiresBuild: true
    dev: false
    optional: true

  /@next/swc-linux-arm-gnueabihf/12.0.8:
    resolution: {integrity: sha512-KULmdrfI+DJxBuhEyV47MQllB/WpC3P2xbwhHezxL/LkC2nkz5SbV4k432qpx2ebjIRf9SjdQ5Oz1FjD8Urayw==}
    engines: {node: '>= 10'}
    cpu: [arm]
    os: [linux]
    requiresBuild: true
    dev: false
    optional: true

  /@next/swc-linux-arm64-gnu/12.0.8:
    resolution: {integrity: sha512-1XO87wgIVPvt5fx5i8CqdhksRdcpqyzCOLW4KrE0f9pUCIT04EbsFiKdmsH9c73aqjNZMnCMXpbV+cn4hN8x1w==}
    engines: {node: '>= 10'}
    cpu: [arm64]
    os: [linux]
    requiresBuild: true
    dev: false
    optional: true

  /@next/swc-linux-arm64-musl/12.0.8:
    resolution: {integrity: sha512-NStRZEy/rkk2G18Yhc/Jzi1Q2Dv+zH176oO8479zlDQ5syRfc6AvRHVV4iNRc8Pai58If83r/nOJkwFgGwkKLw==}
    engines: {node: '>= 10'}
    cpu: [arm64]
    os: [linux]
    requiresBuild: true
    dev: false
    optional: true

  /@next/swc-linux-x64-gnu/12.0.8:
    resolution: {integrity: sha512-rHxTGtTEDFsdT9/VjewzxE19S7W1NE+aZpm4TwbT1pSNGK9KQxQGcXjqoHMeB+VZCFknzNEoIU/vydbjZMlAuw==}
    engines: {node: '>= 10'}
    cpu: [x64]
    os: [linux]
    requiresBuild: true
    dev: false
    optional: true

  /@next/swc-linux-x64-musl/12.0.8:
    resolution: {integrity: sha512-1F4kuFRQE10GSx7LMSvRmjMXFGpxT30g8rZzq9r/p/WKdErA4WB4uxaKEX0P8AINfuN63i4luKdR+LoacgBhYw==}
    engines: {node: '>= 10'}
    cpu: [x64]
    os: [linux]
    requiresBuild: true
    dev: false
    optional: true

  /@next/swc-win32-arm64-msvc/12.0.8:
    resolution: {integrity: sha512-QuRe49jqCV61TysGopC1P0HPqFAMZMWe1nbIQLyOkDLkULmZR8N2eYZq7fwqvZE5YwhMmJA/grwWFVBqSEh5Kg==}
    engines: {node: '>= 10'}
    cpu: [arm64]
    os: [win32]
    requiresBuild: true
    dev: false
    optional: true

  /@next/swc-win32-ia32-msvc/12.0.8:
    resolution: {integrity: sha512-0RV3/julybJr1IlPCowIWrJJZyAl+sOakJEM15y1NOOsbwTQ5eKZZXSi+7e23TN4wmy5HwNvn2dKzgOEVJ+jbA==}
    engines: {node: '>= 10'}
    cpu: [ia32]
    os: [win32]
    requiresBuild: true
    dev: false
    optional: true

  /@next/swc-win32-x64-msvc/12.0.8:
    resolution: {integrity: sha512-tTga6OFfO2JS+Yt5hdryng259c/tzNgSWkdiU2E+RBHiysAIOta57n4PJ8iPahOSqEqjaToPI76wM+o441GaNQ==}
    engines: {node: '>= 10'}
    cpu: [x64]
    os: [win32]
    requiresBuild: true
    dev: false
    optional: true

  /@types/node/17.0.8:
    resolution: {integrity: sha512-YofkM6fGv4gDJq78g4j0mMuGMkZVxZDgtU0JRdx6FgiJDG+0fY0GKVolOV8WqVmEhLCXkQRjwDdKyPxJp/uucg==}
    dev: false

  /accepts/1.3.7:
    resolution: {integrity: sha512-Il80Qs2WjYlJIBNzNkK6KYqlVMTbZLXgHx2oT0pU/fjRHyEp+PEfEPY0R3WCwAGVOtauxh1hOxNgIf5bv7dQpA==}
    engines: {node: '>= 0.6'}
    dependencies:
      mime-types: 2.1.34
      negotiator: 0.6.2
    dev: false

  /array-flatten/1.1.1:
    resolution: {integrity: sha1-ml9pkFGx5wczKPKgCJaLZOopVdI=}
    dev: false

  /axios/0.24.0:
    resolution: {integrity: sha512-Q6cWsys88HoPgAaFAVUb0WpPk0O8iTeisR9IMqy9G8AbO4NlpVknrnQS03zzF9PGAWgO3cgletO3VjV/P7VztA==}
    dependencies:
      follow-redirects: 1.14.7
    transitivePeerDependencies:
      - debug
    dev: false

  /big.js/5.2.2:
    resolution: {integrity: sha512-vyL2OymJxmarO8gxMr0mhChsO9QGwhynfuu4+MHTAW6czfq9humCB7rKpUjDd9YUiDPU4mzpyupFSvOClAwbmQ==}
    dev: false

  /body-parser/1.19.1:
    resolution: {integrity: sha512-8ljfQi5eBk8EJfECMrgqNGWPEY5jWP+1IzkzkGdFFEwFQZZyaZ21UqdaHktgiMlH0xLHqIFtE/u2OYE5dOtViA==}
    engines: {node: '>= 0.8'}
    dependencies:
      bytes: 3.1.1
      content-type: 1.0.4
      debug: 2.6.9
      depd: 1.1.2
      http-errors: 1.8.1
      iconv-lite: 0.4.24
      on-finished: 2.3.0
      qs: 6.9.6
      raw-body: 2.4.2
      type-is: 1.6.18
    dev: false

  /bytes/3.1.1:
    resolution: {integrity: sha512-dWe4nWO/ruEOY7HkUJ5gFt1DCFV9zPRoJr8pV0/ASQermOZjtq8jMjOprC0Kd10GLN+l7xaUPvxzJFWtxGu8Fg==}
    engines: {node: '>= 0.8'}
    dev: false

  /caniuse-lite/1.0.30001299:
    resolution: {integrity: sha512-iujN4+x7QzqA2NCSrS5VUy+4gLmRd4xv6vbBBsmfVqTx8bLAD8097euLqQgKxSVLvxjSDcvF1T/i9ocgnUFexw==}
    dev: false

  /colorette/1.4.0:
    resolution: {integrity: sha512-Y2oEozpomLn7Q3HFP7dpww7AtMJplbM9lGZP6RDfHqmbeRjiwRg4n6VM6j4KLmRke85uWEI7JqF17f3pqdRA0g==}
    dev: false

  /content-disposition/0.5.4:
    resolution: {integrity: sha512-FveZTNuGw04cxlAiWbzi6zTAL/lhehaWbTtgluJh4/E95DqMwTmha3KZN1aAWA8cFIhHzMZUvLevkw5Rqk+tSQ==}
    engines: {node: '>= 0.6'}
    dependencies:
      safe-buffer: 5.2.1
    dev: false

  /content-type/1.0.4:
    resolution: {integrity: sha512-hIP3EEPs8tB9AT1L+NUqtwOAps4mk2Zob89MWXMHjHWg9milF/j4osnnQLXBCBFBk/tvIG/tUc9mOUJiPBhPXA==}
    engines: {node: '>= 0.6'}
    dev: false

  /convert-source-map/1.7.0:
    resolution: {integrity: sha512-4FJkXzKXEDB1snCFZlLP4gpC3JILicCpGbzG9f9G7tGqGCzETQ2hWPrcinA9oU4wtf2biUaEH5065UnMeR33oA==}
    dependencies:
      safe-buffer: 5.1.2
    dev: false

  /cookie-signature/1.0.6:
    resolution: {integrity: sha1-4wOogrNCzD7oylE6eZmXNNqzriw=}
    dev: false

  /cookie/0.4.1:
    resolution: {integrity: sha512-ZwrFkGJxUR3EIoXtO+yVE69Eb7KlixbaeAWfBQB9vVsNn/o+Yw69gBWSSDK825hQNdN+wF8zELf3dFNl/kxkUA==}
    engines: {node: '>= 0.6'}
    dev: false

  /debug/2.6.9:
    resolution: {integrity: sha512-bC7ElrdJaJnPbAP+1EotYvqZsb3ecl5wi6Bfi6BJTUcNowp6cvspg0jXznRTKDjm/E7AdgFBVeAPVMNcKGsHMA==}
    dependencies:
      ms: 2.0.0
    dev: false

  /depd/1.1.2:
    resolution: {integrity: sha1-m81S4UwJd2PnSbJ0xDRu0uVgtak=}
    engines: {node: '>= 0.6'}
    dev: false

  /destroy/1.0.4:
    resolution: {integrity: sha1-l4hXRCxEdJ5CBmE+N5RiBYJqvYA=}
    dev: false

  /ee-first/1.1.1:
    resolution: {integrity: sha1-WQxhFWsK4vTwJVcyoViyZrxWsh0=}
    dev: false

  /emojis-list/2.1.0:
    resolution: {integrity: sha1-TapNnbAPmBmIDHn6RXrlsJof04k=}
    engines: {node: '>= 0.10'}
    dev: false

  /encodeurl/1.0.2:
    resolution: {integrity: sha1-rT/0yG7C0CkyL1oCw6mmBslbP1k=}
    engines: {node: '>= 0.8'}
    dev: false

  /escape-html/1.0.3:
    resolution: {integrity: sha1-Aljq5NPQwJdN4cFpGI7wBR0dGYg=}
    dev: false

  /etag/1.8.1:
    resolution: {integrity: sha1-Qa4u62XvpiJorr/qg6x9eSmbCIc=}
    engines: {node: '>= 0.6'}
    dev: false

  /express/4.17.2:
    resolution: {integrity: sha512-oxlxJxcQlYwqPWKVJJtvQiwHgosH/LrLSPA+H4UxpyvSS6jC5aH+5MoHFM+KABgTOt0APue4w66Ha8jCUo9QGg==}
    engines: {node: '>= 0.10.0'}
    dependencies:
      accepts: 1.3.7
      array-flatten: 1.1.1
      body-parser: 1.19.1
      content-disposition: 0.5.4
      content-type: 1.0.4
      cookie: 0.4.1
      cookie-signature: 1.0.6
      debug: 2.6.9
      depd: 1.1.2
      encodeurl: 1.0.2
      escape-html: 1.0.3
      etag: 1.8.1
      finalhandler: 1.1.2
      fresh: 0.5.2
      merge-descriptors: 1.0.1
      methods: 1.1.2
      on-finished: 2.3.0
      parseurl: 1.3.3
      path-to-regexp: 0.1.7
      proxy-addr: 2.0.7
      qs: 6.9.6
      range-parser: 1.2.1
      safe-buffer: 5.2.1
      send: 0.17.2
      serve-static: 1.14.2
      setprototypeof: 1.2.0
      statuses: 1.5.0
      type-is: 1.6.18
      utils-merge: 1.0.1
      vary: 1.1.2
    dev: false

  /finalhandler/1.1.2:
    resolution: {integrity: sha512-aAWcW57uxVNrQZqFXjITpW3sIUQmHGG3qSb9mUah9MgMC4NeWhNOlNjXEYq3HjRAvL6arUviZGGJsBg6z0zsWA==}
    engines: {node: '>= 0.8'}
    dependencies:
      debug: 2.6.9
      encodeurl: 1.0.2
      escape-html: 1.0.3
      on-finished: 2.3.0
      parseurl: 1.3.3
      statuses: 1.5.0
      unpipe: 1.0.0
    dev: false

  /follow-redirects/1.14.7:
    resolution: {integrity: sha512-+hbxoLbFMbRKDwohX8GkTataGqO6Jb7jGwpAlwgy2bIz25XtRm7KEzJM76R1WiNT5SwZkX4Y75SwBolkpmE7iQ==}
    engines: {node: '>=4.0'}
    peerDependencies:
      debug: '*'
    peerDependenciesMeta:
      debug:
        optional: true
    dev: false

  /forwarded/0.2.0:
    resolution: {integrity: sha512-buRG0fpBtRHSTCOASe6hD258tEubFoRLb4ZNA6NxMVHNw2gOcwHo9wyablzMzOA5z9xA9L1KNjk/Nt6MT9aYow==}
    engines: {node: '>= 0.6'}
    dev: false

  /fresh/0.5.2:
    resolution: {integrity: sha1-PYyt2Q2XZWn6g1qx+OSyOhBWBac=}
    engines: {node: '>= 0.6'}
    dev: false

  /has-flag/4.0.0:
    resolution: {integrity: sha512-EykJT/Q1KjTWctppgIAgfSO0tKVuZUjhgMr17kqTumMl6Afv3EISleU7qZUzoXDFTAHTDC4NOoG/ZxU3EvlMPQ==}
    engines: {node: '>=8'}
    dev: false

  /http-errors/1.8.1:
    resolution: {integrity: sha512-Kpk9Sm7NmI+RHhnj6OIWDI1d6fIoFAtFt9RLaTMRlg/8w49juAStsrBgp0Dp4OdxdVbRIeKhtCUvoi/RuAhO4g==}
    engines: {node: '>= 0.6'}
    dependencies:
      depd: 1.1.2
      inherits: 2.0.4
      setprototypeof: 1.2.0
      statuses: 1.5.0
      toidentifier: 1.0.1
    dev: false

  /iconv-lite/0.4.24:
    resolution: {integrity: sha512-v3MXnZAcvnywkTUEZomIActle7RXXeedOR31wwl7VlyoXO4Qi9arvSenNQWne1TcRwhCL1HwLI21bEqdpj8/rA==}
    engines: {node: '>=0.10.0'}
    dependencies:
      safer-buffer: 2.1.2
    dev: false

  /inherits/2.0.4:
    resolution: {integrity: sha512-k/vGaX4/Yla3WzyMCvTQOXYeIHvqOKtnqBduzTHpzpQZzAskKMhZ2K+EnBiSM9zGSoIFeMpXKxa4dYeZIQqewQ==}
    dev: false

  /ipaddr.js/1.9.1:
    resolution: {integrity: sha512-0KI/607xoxSToH7GjN1FfSbLoU0+btTicjsQSWQlh/hZykN8KpmMf7uYwPW3R+akZ6R/w18ZlXSHBYXiYUPO3g==}
    engines: {node: '>= 0.10'}
    dev: false

  /jest-worker/27.0.0-next.5:
    resolution: {integrity: sha512-mk0umAQ5lT+CaOJ+Qp01N6kz48sJG2kr2n1rX0koqKf6FIygQV0qLOdN9SCYID4IVeSigDOcPeGLozdMLYfb5g==}
    engines: {node: ^10.13.0 || ^12.13.0 || ^14.15.0 || >=15.0.0}
    dependencies:
      '@types/node': 17.0.8
      merge-stream: 2.0.0
      supports-color: 8.1.1
    dev: false

  /js-tokens/4.0.0:
    resolution: {integrity: sha512-RdJUflcE3cUzKiMqQgsCu06FPu9UdIJO0beYbPhHN4k6apgJtifcoCtT9bcxOpYBtpD2kCM6Sbzg4CausW/PKQ==}
    dev: false

  /json5/1.0.1:
    resolution: {integrity: sha512-aKS4WQjPenRxiQsC93MNfjx+nbF4PAdYzmd/1JIj8HYzqfbu86beTuNgXDzPknWk0n0uARlyewZo4s++ES36Ow==}
    hasBin: true
    dependencies:
      minimist: 1.2.5
    dev: false

  /loader-utils/1.2.3:
    resolution: {integrity: sha512-fkpz8ejdnEMG3s37wGL07iSBDg99O9D5yflE9RGNH3hRdx9SOwYfnGYdZOUIZitN8E+E2vkq3MUMYMvPYl5ZZA==}
    engines: {node: '>=4.0.0'}
    dependencies:
      big.js: 5.2.2
      emojis-list: 2.1.0
      json5: 1.0.1
    dev: false

  /loose-envify/1.4.0:
    resolution: {integrity: sha512-lyuxPGr/Wfhrlem2CL/UcnUc1zcqKAImBDzukY7Y5F/yQiNdko6+fRLevlw1HgMySw7f611UIY408EtxRSoK3Q==}
    hasBin: true
    dependencies:
      js-tokens: 4.0.0
    dev: false

  /media-typer/0.3.0:
    resolution: {integrity: sha1-hxDXrwqmJvj/+hzgAWhUUmMlV0g=}
    engines: {node: '>= 0.6'}
    dev: false

  /merge-descriptors/1.0.1:
    resolution: {integrity: sha1-sAqqVW3YtEVoFQ7J0blT8/kMu2E=}
    dev: false

  /merge-stream/2.0.0:
    resolution: {integrity: sha512-abv/qOcuPfk3URPfDzmZU1LKmuw8kT+0nIHvKrKgFrwifol/doWcdA4ZqsWQ8ENrFKkd67Mfpo/LovbIUsbt3w==}
    dev: false

  /methods/1.1.2:
    resolution: {integrity: sha1-VSmk1nZUE07cxSZmVoNbD4Ua/O4=}
    engines: {node: '>= 0.6'}
    dev: false

  /mime-db/1.51.0:
    resolution: {integrity: sha512-5y8A56jg7XVQx2mbv1lu49NR4dokRnhZYTtL+KGfaa27uq4pSTXkwQkFJl4pkRMyNFz/EtYDSkiiEHx3F7UN6g==}
    engines: {node: '>= 0.6'}
    dev: false

  /mime-types/2.1.34:
    resolution: {integrity: sha512-6cP692WwGIs9XXdOO4++N+7qjqv0rqxxVvJ3VHPh/Sc9mVZcQP+ZGhkKiTvWMQRr2tbHkJP/Yn7Y0npb3ZBs4A==}
    engines: {node: '>= 0.6'}
    dependencies:
      mime-db: 1.51.0
    dev: false

  /mime/1.6.0:
    resolution: {integrity: sha512-x0Vn8spI+wuJ1O6S7gnbaQg8Pxh4NNHb7KSINmEWKiPE4RKOplvijn+NkmYmmRgP68mc70j2EbeTFRsrswaQeg==}
    engines: {node: '>=4'}
    hasBin: true
    dev: false

  /minimist/1.2.5:
    resolution: {integrity: sha512-FM9nNUYrRBAELZQT3xeZQ7fmMOBg6nWNmJKTcgsJeaLstP/UODVpGsr5OhXhhXg6f+qtJ8uiZ+PUxkDWcgIXLw==}
    dev: false

  /ms/2.0.0:
    resolution: {integrity: sha1-VgiurfwAvmwpAd9fmGF4jeDVl8g=}
    dev: false

  /ms/2.1.3:
    resolution: {integrity: sha512-6FlzubTLZG3J2a/NVCAleEhjzq5oxgHyaCU9yYXvcLsvoVaHJq/s5xXI6/XXP6tz7R9xAOtHnSO/tXtF3WRTlA==}
    dev: false

  /nanoid/3.1.32:
    resolution: {integrity: sha512-F8mf7R3iT9bvThBoW4tGXhXFHCctyCiUUPrWF8WaTqa3h96d9QybkSeba43XVOOE3oiLfkVDe4bT8MeGmkrTxw==}
    engines: {node: ^10 || ^12 || ^13.7 || ^14 || >=15.0.1}
    hasBin: true
    dev: false

  /negotiator/0.6.2:
    resolution: {integrity: sha512-hZXc7K2e+PgeI1eDBe/10Ard4ekbfrrqG8Ep+8Jmf4JID2bNg7NvCPOZN+kfF574pFQI7mum2AUqDidoKqcTOw==}
    engines: {node: '>= 0.6'}
    dev: false

  /next/12.0.8_react-dom@17.0.2+react@17.0.2:
    resolution: {integrity: sha512-g5c1Kuh1F8tSXJn2rVvzYBzqe9EXaR6+rY3/KrQ7y0D9FueRLfHI35wM0DRadDcPSc3+vncspfhYH3jnYE/KjA==}
    engines: {node: '>=12.22.0'}
    hasBin: true
    peerDependencies:
      fibers: '>= 3.1.0'
      node-sass: ^4.0.0 || ^5.0.0 || ^6.0.0
      react: ^17.0.2 || ^18.0.0-0
      react-dom: ^17.0.2 || ^18.0.0-0
      sass: ^1.3.0
    peerDependenciesMeta:
      fibers:
        optional: true
      node-sass:
        optional: true
      sass:
        optional: true
    dependencies:
      '@next/env': 12.0.8
      '@next/react-refresh-utils': 12.0.8_react-refresh@0.8.3
      caniuse-lite: 1.0.30001299
      jest-worker: 27.0.0-next.5
      node-fetch: 2.6.1
      postcss: 8.2.15
      react: 17.0.2
      react-dom: 17.0.2_react@17.0.2
      react-is: 17.0.2
      react-refresh: 0.8.3
      stream-browserify: 3.0.0
      styled-jsx: 5.0.0-beta.6_react@17.0.2
      use-subscription: 1.5.1_react@17.0.2
    optionalDependencies:
      '@next/swc-android-arm64': 12.0.8
      '@next/swc-darwin-arm64': 12.0.8
      '@next/swc-darwin-x64': 12.0.8
      '@next/swc-linux-arm-gnueabihf': 12.0.8
      '@next/swc-linux-arm64-gnu': 12.0.8
      '@next/swc-linux-arm64-musl': 12.0.8
      '@next/swc-linux-x64-gnu': 12.0.8
      '@next/swc-linux-x64-musl': 12.0.8
      '@next/swc-win32-arm64-msvc': 12.0.8
      '@next/swc-win32-ia32-msvc': 12.0.8
      '@next/swc-win32-x64-msvc': 12.0.8
    transitivePeerDependencies:
      - '@babel/core'
      - webpack
    dev: false

  /node-fetch/2.6.1:
    resolution: {integrity: sha512-V4aYg89jEoVRxRb2fJdAg8FHvI7cEyYdVAh94HH0UIK8oJxUfkjlDQN9RbMx+bEjP7+ggMiFRprSti032Oipxw==}
    engines: {node: 4.x || >=6.0.0}
    dev: false

  /object-assign/4.1.1:
    resolution: {integrity: sha1-IQmtx5ZYh8/AXLvUQsrIv7s2CGM=}
    engines: {node: '>=0.10.0'}
    dev: false

  /on-finished/2.3.0:
    resolution: {integrity: sha1-IPEzZIGwg811M3mSoWlxqi2QaUc=}
    engines: {node: '>= 0.8'}
    dependencies:
      ee-first: 1.1.1
    dev: false

  /parseurl/1.3.3:
    resolution: {integrity: sha512-CiyeOxFT/JZyN5m0z9PfXw4SCBJ6Sygz1Dpl0wqjlhDEGGBP1GnsUVEL0p63hoG1fcj3fHynXi9NYO4nWOL+qQ==}
    engines: {node: '>= 0.8'}
    dev: false

  /path-to-regexp/0.1.7:
    resolution: {integrity: sha1-32BBeABfUi8V60SQ5yR6G/qmf4w=}
    dev: false

  /postcss/8.2.15:
    resolution: {integrity: sha512-2zO3b26eJD/8rb106Qu2o7Qgg52ND5HPjcyQiK2B98O388h43A448LCslC0dI2P97wCAQRJsFvwTRcXxTKds+Q==}
    engines: {node: ^10 || ^12 || >=14}
    dependencies:
      colorette: 1.4.0
      nanoid: 3.1.32
      source-map: 0.6.1
    dev: false

  /proxy-addr/2.0.7:
    resolution: {integrity: sha512-llQsMLSUDUPT44jdrU/O37qlnifitDP+ZwrmmZcoSKyLKvtZxpyV0n2/bD/N4tBAAZ/gJEdZU7KMraoK1+XYAg==}
    engines: {node: '>= 0.10'}
    dependencies:
      forwarded: 0.2.0
      ipaddr.js: 1.9.1
    dev: false

  /qs/6.9.6:
    resolution: {integrity: sha512-TIRk4aqYLNoJUbd+g2lEdz5kLWIuTMRagAXxl78Q0RiVjAOugHmeKNGdd3cwo/ktpf9aL9epCfFqWDEKysUlLQ==}
    engines: {node: '>=0.6'}
    dev: false

  /range-parser/1.2.1:
    resolution: {integrity: sha512-Hrgsx+orqoygnmhFbKaHE6c296J+HTAQXoxEF6gNupROmmGJRoyzfG3ccAveqCBrwr/2yxQ5BVd/GTl5agOwSg==}
    engines: {node: '>= 0.6'}
    dev: false

  /raw-body/2.4.2:
    resolution: {integrity: sha512-RPMAFUJP19WIet/99ngh6Iv8fzAbqum4Li7AD6DtGaW2RpMB/11xDoalPiJMTbu6I3hkbMVkATvZrqb9EEqeeQ==}
    engines: {node: '>= 0.8'}
    dependencies:
      bytes: 3.1.1
      http-errors: 1.8.1
      iconv-lite: 0.4.24
      unpipe: 1.0.0
    dev: false

  /react-dom/17.0.2_react@17.0.2:
    resolution: {integrity: sha512-s4h96KtLDUQlsENhMn1ar8t2bEa+q/YAtj8pPPdIjPDGBDIVNsrD9aXNWqspUe6AzKCIG0C1HZZLqLV7qpOBGA==}
    peerDependencies:
      react: 17.0.2
    dependencies:
      loose-envify: 1.4.0
      object-assign: 4.1.1
      react: 17.0.2
      scheduler: 0.20.2
    dev: false

  /react-is/17.0.2:
    resolution: {integrity: sha512-w2GsyukL62IJnlaff/nRegPQR94C/XXamvMWmSHRJ4y7Ts/4ocGRmTHvOs8PSE6pB3dWOrD/nueuU5sduBsQ4w==}
    dev: false

  /react-refresh/0.8.3:
    resolution: {integrity: sha512-X8jZHc7nCMjaCqoU+V2I0cOhNW+QMBwSUkeXnTi8IPe6zaRWfn60ZzvFDZqWPfmSJfjub7dDW1SP0jaHWLu/hg==}
    engines: {node: '>=0.10.0'}
    dev: false

  /react/17.0.2:
    resolution: {integrity: sha512-gnhPt75i/dq/z3/6q/0asP78D0u592D5L1pd7M8P+dck6Fu/jJeL6iVVK23fptSUZj8Vjf++7wXA8UNclGQcbA==}
    engines: {node: '>=0.10.0'}
    dependencies:
      loose-envify: 1.4.0
      object-assign: 4.1.1
    dev: false

  /readable-stream/3.6.0:
    resolution: {integrity: sha512-BViHy7LKeTz4oNnkcLJ+lVSL6vpiFeX6/d3oSH8zCW7UxP2onchk+vTGB143xuFjHS3deTgkKoXXymXqymiIdA==}
    engines: {node: '>= 6'}
    dependencies:
      inherits: 2.0.4
      string_decoder: 1.3.0
      util-deprecate: 1.0.2
    dev: false

  /safe-buffer/5.1.2:
    resolution: {integrity: sha512-Gd2UZBJDkXlY7GbJxfsE8/nvKkUEU1G38c1siN6QP6a9PT9MmHB8GnpscSmMJSoF8LOIrt8ud/wPtojys4G6+g==}
    dev: false

  /safe-buffer/5.2.1:
    resolution: {integrity: sha512-rp3So07KcdmmKbGvgaNxQSJr7bGVSVk5S9Eq1F+ppbRo70+YeaDxkw5Dd8NPN+GD6bjnYm2VuPuCXmpuYvmCXQ==}
    dev: false

  /safer-buffer/2.1.2:
    resolution: {integrity: sha512-YZo3K82SD7Riyi0E1EQPojLz7kpepnSQI9IyPbHHg1XXXevb5dJI7tpyN2ADxGcQbHG7vcyRHk0cbwqcQriUtg==}
    dev: false

  /scheduler/0.20.2:
    resolution: {integrity: sha512-2eWfGgAqqWFGqtdMmcL5zCMK1U8KlXv8SQFGglL3CEtd0aDVDWgeF/YoCmvln55m5zSk3J/20hTaSBeSObsQDQ==}
    dependencies:
      loose-envify: 1.4.0
      object-assign: 4.1.1
    dev: false

  /send/0.17.2:
    resolution: {integrity: sha512-UJYB6wFSJE3G00nEivR5rgWp8c2xXvJ3OPWPhmuteU0IKj8nKbG3DrjiOmLwpnHGYWAVwA69zmTm++YG0Hmwww==}
    engines: {node: '>= 0.8.0'}
    dependencies:
      debug: 2.6.9
      depd: 1.1.2
      destroy: 1.0.4
      encodeurl: 1.0.2
      escape-html: 1.0.3
      etag: 1.8.1
      fresh: 0.5.2
      http-errors: 1.8.1
      mime: 1.6.0
      ms: 2.1.3
      on-finished: 2.3.0
      range-parser: 1.2.1
      statuses: 1.5.0
    dev: false

  /serve-static/1.14.2:
    resolution: {integrity: sha512-+TMNA9AFxUEGuC0z2mevogSnn9MXKb4fa7ngeRMJaaGv8vTwnIEkKi+QGvPt33HSnf8pRS+WGM0EbMtCJLKMBQ==}
    engines: {node: '>= 0.8.0'}
    dependencies:
      encodeurl: 1.0.2
      escape-html: 1.0.3
      parseurl: 1.3.3
      send: 0.17.2
    dev: false

  /setprototypeof/1.2.0:
    resolution: {integrity: sha512-E5LDX7Wrp85Kil5bhZv46j8jOeboKq5JMmYM3gVGdGH8xFpPWXUMsNrlODCrkoxMEeNi/XZIwuRvY4XNwYMJpw==}
    dev: false

  /source-map/0.6.1:
    resolution: {integrity: sha512-UjgapumWlbMhkBgzT7Ykc5YXUT46F0iKu8SGXq0bcwP5dz/h0Plj6enJqjz1Zbq2l5WaqYnrVbwWOWMyF3F47g==}
    engines: {node: '>=0.10.0'}
    dev: false

  /source-map/0.7.3:
    resolution: {integrity: sha512-CkCj6giN3S+n9qrYiBTX5gystlENnRW5jZeNLHpe6aue+SrHcG5VYwujhW9s4dY31mEGsxBDrHR6oI69fTXsaQ==}
    engines: {node: '>= 8'}
    dev: false

  /statuses/1.5.0:
    resolution: {integrity: sha1-Fhx9rBd2Wf2YEfQ3cfqZOBR4Yow=}
    engines: {node: '>= 0.6'}
    dev: false

  /stream-browserify/3.0.0:
    resolution: {integrity: sha512-H73RAHsVBapbim0tU2JwwOiXUj+fikfiaoYAKHF3VJfA0pe2BCzkhAHBlLG6REzE+2WNZcxOXjK7lkso+9euLA==}
    dependencies:
      inherits: 2.0.4
      readable-stream: 3.6.0
    dev: false

  /string-hash/1.1.3:
    resolution: {integrity: sha1-6Kr8CsGFW0Zmkp7X3RJ1311sgRs=}
    dev: false

  /string_decoder/1.3.0:
    resolution: {integrity: sha512-hkRX8U1WjJFd8LsDJ2yQ/wWWxaopEsABU1XfkM8A+j0+85JAGppt16cr1Whg6KIbb4okU6Mql6BOj+uup/wKeA==}
    dependencies:
      safe-buffer: 5.2.1
    dev: false

  /styled-jsx/5.0.0-beta.6_react@17.0.2:
    resolution: {integrity: sha512-b1cM7Xyp2r1lsNpvoZ6wmTI8qxD0557vH2feHakNU8LMkzfJDgTQMul6O7sSYY0GxQ73pKEN69hCDp71w6Q0nA==}
    engines: {node: '>= 12.0.0'}
    peerDependencies:
      '@babel/core': '*'
      react: '>= 16.8.0 || 17.x.x || 18.x.x'
    peerDependenciesMeta:
      '@babel/core':
        optional: true
    dependencies:
      '@babel/plugin-syntax-jsx': 7.14.5
      '@babel/types': 7.15.0
      convert-source-map: 1.7.0
      loader-utils: 1.2.3
      react: 17.0.2
      source-map: 0.7.3
      string-hash: 1.1.3
      stylis: 3.5.4
      stylis-rule-sheet: 0.0.10_stylis@3.5.4
    dev: false

  /stylis-rule-sheet/0.0.10_stylis@3.5.4:
    resolution: {integrity: sha512-nTbZoaqoBnmK+ptANthb10ZRZOGC+EmTLLUxeYIuHNkEKcmKgXX1XWKkUBT2Ac4es3NybooPe0SmvKdhKJZAuw==}
    peerDependencies:
      stylis: ^3.5.0
    dependencies:
      stylis: 3.5.4
    dev: false

  /stylis/3.5.4:
    resolution: {integrity: sha512-8/3pSmthWM7lsPBKv7NXkzn2Uc9W7NotcwGNpJaa3k7WMM1XDCA4MgT5k/8BIexd5ydZdboXtU90XH9Ec4Bv/Q==}
    dev: false

  /supports-color/8.1.1:
    resolution: {integrity: sha512-MpUEN2OodtUzxvKQl72cUF7RQ5EiHsGvSsVG0ia9c5RbWGL2CI4C7EpPS8UTBIplnlzZiNuV56w+FuNxy3ty2Q==}
    engines: {node: '>=10'}
    dependencies:
      has-flag: 4.0.0
    dev: false

  /to-fast-properties/2.0.0:
    resolution: {integrity: sha1-3F5pjL0HkmW8c+A3doGk5Og/YW4=}
    engines: {node: '>=4'}
    dev: false

  /toidentifier/1.0.1:
    resolution: {integrity: sha512-o5sSPKEkg/DIQNmH43V0/uerLrpzVedkUh8tGNvaeXpfpuwjKenlSox/2O/BTlZUtEe+JG7s5YhEz608PlAHRA==}
    engines: {node: '>=0.6'}
    dev: false

  /type-is/1.6.18:
    resolution: {integrity: sha512-TkRKr9sUTxEH8MdfuCSP7VizJyzRNMjj2J2do2Jr3Kym598JVdEksuzPQCnlFPW4ky9Q+iA+ma9BGm06XQBy8g==}
    engines: {node: '>= 0.6'}
    dependencies:
      media-typer: 0.3.0
      mime-types: 2.1.34
    dev: false

  /unpipe/1.0.0:
    resolution: {integrity: sha1-sr9O6FFKrmFltIF4KdIbLvSZBOw=}
    engines: {node: '>= 0.8'}
    dev: false

  /use-subscription/1.5.1_react@17.0.2:
    resolution: {integrity: sha512-Xv2a1P/yReAjAbhylMfFplFKj9GssgTwN7RlcTxBujFQcloStWNDQdc4g4NRWH9xS4i/FDk04vQBptAXoF3VcA==}
    peerDependencies:
      react: ^16.8.0 || ^17.0.0
    dependencies:
      object-assign: 4.1.1
      react: 17.0.2
    dev: false

  /util-deprecate/1.0.2:
    resolution: {integrity: sha1-RQ1Nyfpw3nMnYvvS1KKJgUGaDM8=}
    dev: false

  /utils-merge/1.0.1:
    resolution: {integrity: sha1-n5VxD1CiZ5R7LMwSR0HBAoQn5xM=}
    engines: {node: '>= 0.4.0'}
    dev: false

  /vary/1.1.2:
    resolution: {integrity: sha1-IpnwLG3tMNSllhsLn3RSShj2NPw=}
    engines: {node: '>= 0.8'}
    dev: false
